
Microsoft Visual Studio Solution File, Format Version 12.00
# Visual Studio Version 17
VisualStudioVersion = 17.14.36414.22 d17.14
MinimumVisualStudioVersion = 10.0.40219.1
Project("{2150E333-8FDC-42A3-9474-1A3956D46DE8}") = "Task2", "Task2", "{02EA681E-C7D8-13C7-8484-4AC65E1B71E8}"
EndProject
Project("{FAE04EC0-301F-11D3-BF4B-00C04F79EFBC}") = "Tyuiu.ZheleznyakDN.Sprint6.Task2.V28.Lib", "Tyuiu.ZheleznyakDN.Sprint6.Task2.V28.Lib\Tyuiu.ZheleznyakDN.Sprint6.Task2.V28.Lib.csproj", "{90FB4745-9DE7-4B22-91A7-E0ED9357E98D}"
EndProject
Project("{FAE04EC0-301F-11D3-BF4B-00C04F79EFBC}") = "Tyuiu.ZheleznyakDN.Sprint6.Task2.V28.Test", "Tyuiu.ZheleznyakDN.Sprint6.Task2.V28.Test\Tyuiu.ZheleznyakDN.Sprint6.Task2.V28.Test.csproj", "{D6273C65-471D-427F-932F-22757034CDEB}"
EndProject
Project("{FAE04EC0-301F-11D3-BF4B-00C04F79EFBC}") = "Tyuiu.ZheleznyakDN.Sprint6.Task2.V28", "Tyuiu.ZheleznyakDN.Sprint6.Task2.V28\Tyuiu.ZheleznyakDN.Sprint6.Task2.V28.csproj", "{9CEBE5DE-9951-40D9-A832-15B0A202FF1C}"
EndProject
Project("{2150E333-8FDC-42A3-9474-1A3956D46DE8}") = "Task3", "Task3", "{9F566F6C-A58B-400F-905E-A19114039C51}"
EndProject
Project("{FAE04EC0-301F-11D3-BF4B-00C04F79EFBC}") = "Tyuiu.ZheleznyakDN.Sprint6.Task3.V18.Lib", "Tyuiu.ZheleznyakDN.Sprint6.Task3.V18.Lib\Tyuiu.ZheleznyakDN.Sprint6.Task3.V18.Lib.csproj", "{86E24327-84FB-48C0-945A-5960ECA89F5E}"
EndProject
Project("{FAE04EC0-301F-11D3-BF4B-00C04F79EFBC}") = "Tyuiu.ZheleznyakDN.Sprint6.Task3.V18.Test", "Tyuiu.ZheleznyakDN.Sprint6.Task3.V18.Test\Tyuiu.ZheleznyakDN.Sprint6.Task3.V18.Test.csproj", "{788F8F21-51F1-4A5B-99D4-D9FB6F89A278}"
EndProject
Project("{FAE04EC0-301F-11D3-BF4B-00C04F79EFBC}") = "Tyuiu.ZheleznyakDN.Sprint6.Task3.V18", "Tyuiu.ZheleznyakDN.Sprint6.Task3.V18\Tyuiu.ZheleznyakDN.Sprint6.Task3.V18.csproj", "{1F506B39-BFC2-43E5-89FD-EC4DFC51852A}"
EndProject
Project("{2150E333-8FDC-42A3-9474-1A3956D46DE8}") = "Task4", "Task4", "{F2CF2908-1811-4E8E-886A-A0B206EF9E1F}"
EndProject
Project("{FAE04EC0-301F-11D3-BF4B-00C04F79EFBC}") = "Tyuiu.ZheleznyakDN.Sprint6.Task4.V30.Lib", "Tyuiu.ZheleznyakDN.Sprint6.Task4.V30.Lib\Tyuiu.ZheleznyakDN.Sprint6.Task4.V30.Lib.csproj", "{12C58DC8-8DF0-4BA3-81F4-21FCEE12EFDC}"
EndProject
Project("{FAE04EC0-301F-11D3-BF4B-00C04F79EFBC}") = "Tyuiu.ZheleznyakDN.Sprint6.Task4.V30.Test", "Tyuiu.ZheleznyakDN.Sprint6.Task4.V30.Test\Tyuiu.ZheleznyakDN.Sprint6.Task4.V30.Test.csproj", "{800BA8A9-C00D-4B58-A7D7-842B4DFFF817}"
EndProject
Project("{FAE04EC0-301F-11D3-BF4B-00C04F79EFBC}") = "Tyuiu.ZheleznyakDN.Sprint6.Task4.V30", "Tyuiu.ZheleznyakDN.Sprint6.Task4.V30\Tyuiu.ZheleznyakDN.Sprint6.Task4.V30.csproj", "{ABD3CBE6-2F17-49D5-B9E3-1C0D0E55F3C2}"
EndProject
Project("{2150E333-8FDC-42A3-9474-1A3956D46DE8}") = "Task5", "Task5", "{CC2B633E-04CC-4611-B392-045B7DCF34BD}"
EndProject
Project("{FAE04EC0-301F-11D3-BF4B-00C04F79EFBC}") = "Tyuiu.ZheleznyakDN.Sprint6.Task5.V16", "Tyuiu.ZheleznyakDN.Sprint6.Task5.V16\Tyuiu.ZheleznyakDN.Sprint6.Task5.V16.csproj", "{BE5D501F-E31F-4B0F-9984-CB6F4984F8D6}"
EndProject
Project("{FAE04EC0-301F-11D3-BF4B-00C04F79EFBC}") = "Tyuiu.ZheleznyakDN.Sprint6.Task5.V16.Lib", "Tyuiu.ZheleznyakDN.Sprint6.Task5.V16.Lib\Tyuiu.ZheleznyakDN.Sprint6.Task5.V16.Lib.csproj", "{2993EA01-2C64-4AFF-9563-47EBC850BC6D}"
EndProject
Project("{FAE04EC0-301F-11D3-BF4B-00C04F79EFBC}") = "Tyuiu.ZheleznyakDN.Sprint6.Task5.V16.Test", "Tyuiu.ZheleznyakDN.Sprint6.Task5.V16.Test\Tyuiu.ZheleznyakDN.Sprint6.Task5.V16.Test.csproj", "{098042A3-7D2E-42E5-AFE4-6454BBAFD1F0}"
EndProject
Project("{2150E333-8FDC-42A3-9474-1A3956D46DE8}") = "Task6", "Task6", "{1D57F16A-4736-4850-A5C8-8FF1C0399BB5}"
EndProject
Project("{FAE04EC0-301F-11D3-BF4B-00C04F79EFBC}") = "Tyuiu.ZheleznyakDN.Sprint6.Task6.V5.Test", "Tyuiu.ZheleznyakDN.Sprint6.Task6.V5.Test\Tyuiu.ZheleznyakDN.Sprint6.Task6.V5.Test.csproj", "{544B4AD9-DAF8-4472-876F-BF45E089BCFD}"
EndProject
Project("{FAE04EC0-301F-11D3-BF4B-00C04F79EFBC}") = "Tyuiu.ZheleznyakDN.Sprint6.Task6.V5.Lib", "Tyuiu.ZheleznyakDN.Sprint6.Task6.V5.Lib\Tyuiu.ZheleznyakDN.Sprint6.Task6.V5.Lib.csproj", "{26AE0BC0-ECD1-4BD0-AD00-9C32E03F09D7}"
EndProject
Project("{FAE04EC0-301F-11D3-BF4B-00C04F79EFBC}") = "Tyuiu.ZheleznyakDN.Sprint6.Task6.V5", "Tyuiu.ZheleznyakDN.Sprint6.Task6.V5\Tyuiu.ZheleznyakDN.Sprint6.Task6.V5.csproj", "{CDCE09A5-B296-470A-8C60-005645A6DB66}"
EndProject
Project("{2150E333-8FDC-42A3-9474-1A3956D46DE8}") = "Task7", "Task7", "{D33683D6-69FE-4333-85C1-24521A7272BD}"
EndProject
Project("{FAE04EC0-301F-11D3-BF4B-00C04F79EFBC}") = "Tyuiu.ZheleznyakDN.Sprint6.Task7.V11.Lib", "Tyuiu.ZheleznyakDN.Sprint6.Task7.V11.Lib\Tyuiu.ZheleznyakDN.Sprint6.Task7.V11.Lib.csproj", "{D0213461-C099-4DD6-8708-0AA367178A03}"
EndProject
Project("{FAE04EC0-301F-11D3-BF4B-00C04F79EFBC}") = "Tyuiu.ZheleznyakDN.Sprint6.Task7.V11.Test", "Tyuiu.ZheleznyakDN.Sprint6.Task7.V11.Test\Tyuiu.ZheleznyakDN.Sprint6.Task7.V11.Test.csproj", "{027C3C9A-C4A5-4C55-9D84-C630D50F0C6B}"
EndProject
Project("{FAE04EC0-301F-11D3-BF4B-00C04F79EFBC}") = "Tyuiu.ZheleznyakDN.Sprint6.Task7.V11", "Tyuiu.ZheleznyakDN.Sprint6.Task7.V11\Tyuiu.ZheleznyakDN.Sprint6.Task7.V11.csproj", "{0E0C1E87-A583-4BA2-BF28-0F901B6CEDFC}"
EndProject
Global
	GlobalSection(SolutionConfigurationPlatforms) = preSolution
		Debug|Any CPU = Debug|Any CPU
		Release|Any CPU = Release|Any CPU
	EndGlobalSection
	GlobalSection(ProjectConfigurationPlatforms) = postSolution
		{90FB4745-9DE7-4B22-91A7-E0ED9357E98D}.Debug|Any CPU.ActiveCfg = Debug|Any CPU
		{90FB4745-9DE7-4B22-91A7-E0ED9357E98D}.Debug|Any CPU.Build.0 = Debug|Any CPU
		{90FB4745-9DE7-4B22-91A7-E0ED9357E98D}.Release|Any CPU.ActiveCfg = Release|Any CPU
		{90FB4745-9DE7-4B22-91A7-E0ED9357E98D}.Release|Any CPU.Build.0 = Release|Any CPU
		{D6273C65-471D-427F-932F-22757034CDEB}.Debug|Any CPU.ActiveCfg = Debug|Any CPU
		{D6273C65-471D-427F-932F-22757034CDEB}.Debug|Any CPU.Build.0 = Debug|Any CPU
		{D6273C65-471D-427F-932F-22757034CDEB}.Release|Any CPU.ActiveCfg = Release|Any CPU
		{D6273C65-471D-427F-932F-22757034CDEB}.Release|Any CPU.Build.0 = Release|Any CPU
		{9CEBE5DE-9951-40D9-A832-15B0A202FF1C}.Debug|Any CPU.ActiveCfg = Debug|Any CPU
		{9CEBE5DE-9951-40D9-A832-15B0A202FF1C}.Debug|Any CPU.Build.0 = Debug|Any CPU
		{9CEBE5DE-9951-40D9-A832-15B0A202FF1C}.Release|Any CPU.ActiveCfg = Release|Any CPU
		{9CEBE5DE-9951-40D9-A832-15B0A202FF1C}.Release|Any CPU.Build.0 = Release|Any CPU
		{86E24327-84FB-48C0-945A-5960ECA89F5E}.Debug|Any CPU.ActiveCfg = Debug|Any CPU
		{86E24327-84FB-48C0-945A-5960ECA89F5E}.Debug|Any CPU.Build.0 = Debug|Any CPU
		{86E24327-84FB-48C0-945A-5960ECA89F5E}.Release|Any CPU.ActiveCfg = Release|Any CPU
		{86E24327-84FB-48C0-945A-5960ECA89F5E}.Release|Any CPU.Build.0 = Release|Any CPU
		{788F8F21-51F1-4A5B-99D4-D9FB6F89A278}.Debug|Any CPU.ActiveCfg = Debug|Any CPU
		{788F8F21-51F1-4A5B-99D4-D9FB6F89A278}.Debug|Any CPU.Build.0 = Debug|Any CPU
		{788F8F21-51F1-4A5B-99D4-D9FB6F89A278}.Release|Any CPU.ActiveCfg = Release|Any CPU
		{788F8F21-51F1-4A5B-99D4-D9FB6F89A278}.Release|Any CPU.Build.0 = Release|Any CPU
		{1F506B39-BFC2-43E5-89FD-EC4DFC51852A}.Debug|Any CPU.ActiveCfg = Debug|Any CPU
		{1F506B39-BFC2-43E5-89FD-EC4DFC51852A}.Debug|Any CPU.Build.0 = Debug|Any CPU
		{1F506B39-BFC2-43E5-89FD-EC4DFC51852A}.Release|Any CPU.ActiveCfg = Release|Any CPU
		{1F506B39-BFC2-43E5-89FD-EC4DFC51852A}.Release|Any CPU.Build.0 = Release|Any CPU
		{12C58DC8-8DF0-4BA3-81F4-21FCEE12EFDC}.Debug|Any CPU.ActiveCfg = Debug|Any CPU
		{12C58DC8-8DF0-4BA3-81F4-21FCEE12EFDC}.Debug|Any CPU.Build.0 = Debug|Any CPU
		{12C58DC8-8DF0-4BA3-81F4-21FCEE12EFDC}.Release|Any CPU.ActiveCfg = Release|Any CPU
		{12C58DC8-8DF0-4BA3-81F4-21FCEE12EFDC}.Release|Any CPU.Build.0 = Release|Any CPU
		{800BA8A9-C00D-4B58-A7D7-842B4DFFF817}.Debug|Any CPU.ActiveCfg = Debug|Any CPU
		{800BA8A9-C00D-4B58-A7D7-842B4DFFF817}.Debug|Any CPU.Build.0 = Debug|Any CPU
		{800BA8A9-C00D-4B58-A7D7-842B4DFFF817}.Release|Any CPU.ActiveCfg = Release|Any CPU
		{800BA8A9-C00D-4B58-A7D7-842B4DFFF817}.Release|Any CPU.Build.0 = Release|Any CPU
		{ABD3CBE6-2F17-49D5-B9E3-1C0D0E55F3C2}.Debug|Any CPU.ActiveCfg = Debug|Any CPU
		{ABD3CBE6-2F17-49D5-B9E3-1C0D0E55F3C2}.Debug|Any CPU.Build.0 = Debug|Any CPU
		{ABD3CBE6-2F17-49D5-B9E3-1C0D0E55F3C2}.Release|Any CPU.ActiveCfg = Release|Any CPU
		{ABD3CBE6-2F17-49D5-B9E3-1C0D0E55F3C2}.Release|Any CPU.Build.0 = Release|Any CPU
		{BE5D501F-E31F-4B0F-9984-CB6F4984F8D6}.Debug|Any CPU.ActiveCfg = Debug|Any CPU
		{BE5D501F-E31F-4B0F-9984-CB6F4984F8D6}.Debug|Any CPU.Build.0 = Debug|Any CPU
		{BE5D501F-E31F-4B0F-9984-CB6F4984F8D6}.Release|Any CPU.ActiveCfg = Release|Any CPU
		{BE5D501F-E31F-4B0F-9984-CB6F4984F8D6}.Release|Any CPU.Build.0 = Release|Any CPU
		{2993EA01-2C64-4AFF-9563-47EBC850BC6D}.Debug|Any CPU.ActiveCfg = Debug|Any CPU
		{2993EA01-2C64-4AFF-9563-47EBC850BC6D}.Debug|Any CPU.Build.0 = Debug|Any CPU
		{2993EA01-2C64-4AFF-9563-47EBC850BC6D}.Release|Any CPU.ActiveCfg = Release|Any CPU
		{2993EA01-2C64-4AFF-9563-47EBC850BC6D}.Release|Any CPU.Build.0 = Release|Any CPU
		{098042A3-7D2E-42E5-AFE4-6454BBAFD1F0}.Debug|Any CPU.ActiveCfg = Debug|Any CPU
		{098042A3-7D2E-42E5-AFE4-6454BBAFD1F0}.Debug|Any CPU.Build.0 = Debug|Any CPU
		{098042A3-7D2E-42E5-AFE4-6454BBAFD1F0}.Release|Any CPU.ActiveCfg = Release|Any CPU
		{098042A3-7D2E-42E5-AFE4-6454BBAFD1F0}.Release|Any CPU.Build.0 = Release|Any CPU
		{544B4AD9-DAF8-4472-876F-BF45E089BCFD}.Debug|Any CPU.ActiveCfg = Debug|Any CPU
		{544B4AD9-DAF8-4472-876F-BF45E089BCFD}.Debug|Any CPU.Build.0 = Debug|Any CPU
		{544B4AD9-DAF8-4472-876F-BF45E089BCFD}.Release|Any CPU.ActiveCfg = Release|Any CPU
		{544B4AD9-DAF8-4472-876F-BF45E089BCFD}.Release|Any CPU.Build.0 = Release|Any CPU
		{26AE0BC0-ECD1-4BD0-AD00-9C32E03F09D7}.Debug|Any CPU.ActiveCfg = Debug|Any CPU
		{26AE0BC0-ECD1-4BD0-AD00-9C32E03F09D7}.Debug|Any CPU.Build.0 = Debug|Any CPU
		{26AE0BC0-ECD1-4BD0-AD00-9C32E03F09D7}.Release|Any CPU.ActiveCfg = Release|Any CPU
		{26AE0BC0-ECD1-4BD0-AD00-9C32E03F09D7}.Release|Any CPU.Build.0 = Release|Any CPU
		{CDCE09A5-B296-470A-8C60-005645A6DB66}.Debug|Any CPU.ActiveCfg = Debug|Any CPU
		{CDCE09A5-B296-470A-8C60-005645A6DB66}.Debug|Any CPU.Build.0 = Debug|Any CPU
		{CDCE09A5-B296-470A-8C60-005645A6DB66}.Release|Any CPU.ActiveCfg = Release|Any CPU
		{CDCE09A5-B296-470A-8C60-005645A6DB66}.Release|Any CPU.Build.0 = Release|Any CPU
		{D0213461-C099-4DD6-8708-0AA367178A03}.Debug|Any CPU.ActiveCfg = Debug|Any CPU
		{D0213461-C099-4DD6-8708-0AA367178A03}.Debug|Any CPU.Build.0 = Debug|Any CPU
		{D0213461-C099-4DD6-8708-0AA367178A03}.Release|Any CPU.ActiveCfg = Release|Any CPU
		{D0213461-C099-4DD6-8708-0AA367178A03}.Release|Any CPU.Build.0 = Release|Any CPU
		{027C3C9A-C4A5-4C55-9D84-C630D50F0C6B}.Debug|Any CPU.ActiveCfg = Debug|Any CPU
		{027C3C9A-C4A5-4C55-9D84-C630D50F0C6B}.Debug|Any CPU.Build.0 = Debug|Any CPU
		{027C3C9A-C4A5-4C55-9D84-C630D50F0C6B}.Release|Any CPU.ActiveCfg = Release|Any CPU
		{027C3C9A-C4A5-4C55-9D84-C630D50F0C6B}.Release|Any CPU.Build.0 = Release|Any CPU
		{0E0C1E87-A583-4BA2-BF28-0F901B6CEDFC}.Debug|Any CPU.ActiveCfg = Debug|Any CPU
		{0E0C1E87-A583-4BA2-BF28-0F901B6CEDFC}.Debug|Any CPU.Build.0 = Debug|Any CPU
		{0E0C1E87-A583-4BA2-BF28-0F901B6CEDFC}.Release|Any CPU.ActiveCfg = Release|Any CPU
		{0E0C1E87-A583-4BA2-BF28-0F901B6CEDFC}.Release|Any CPU.Build.0 = Release|Any CPU
	EndGlobalSection
	GlobalSection(SolutionProperties) = preSolution
		HideSolutionNode = FALSE
	EndGlobalSection
	GlobalSection(NestedProjects) = preSolution
		{90FB4745-9DE7-4B22-91A7-E0ED9357E98D} = {02EA681E-C7D8-13C7-8484-4AC65E1B71E8}
		{D6273C65-471D-427F-932F-22757034CDEB} = {02EA681E-C7D8-13C7-8484-4AC65E1B71E8}
		{9CEBE5DE-9951-40D9-A832-15B0A202FF1C} = {02EA681E-C7D8-13C7-8484-4AC65E1B71E8}
		{86E24327-84FB-48C0-945A-5960ECA89F5E} = {9F566F6C-A58B-400F-905E-A19114039C51}
		{788F8F21-51F1-4A5B-99D4-D9FB6F89A278} = {9F566F6C-A58B-400F-905E-A19114039C51}
		{1F506B39-BFC2-43E5-89FD-EC4DFC51852A} = {9F566F6C-A58B-400F-905E-A19114039C51}
		{12C58DC8-8DF0-4BA3-81F4-21FCEE12EFDC} = {F2CF2908-1811-4E8E-886A-A0B206EF9E1F}
		{800BA8A9-C00D-4B58-A7D7-842B4DFFF817} = {F2CF2908-1811-4E8E-886A-A0B206EF9E1F}
		{ABD3CBE6-2F17-49D5-B9E3-1C0D0E55F3C2} = {F2CF2908-1811-4E8E-886A-A0B206EF9E1F}
		{BE5D501F-E31F-4B0F-9984-CB6F4984F8D6} = {CC2B633E-04CC-4611-B392-045B7DCF34BD}
		{2993EA01-2C64-4AFF-9563-47EBC850BC6D} = {CC2B633E-04CC-4611-B392-045B7DCF34BD}
		{098042A3-7D2E-42E5-AFE4-6454BBAFD1F0} = {CC2B633E-04CC-4611-B392-045B7DCF34BD}
		{544B4AD9-DAF8-4472-876F-BF45E089BCFD} = {1D57F16A-4736-4850-A5C8-8FF1C0399BB5}
		{26AE0BC0-ECD1-4BD0-AD00-9C32E03F09D7} = {1D57F16A-4736-4850-A5C8-8FF1C0399BB5}
		{CDCE09A5-B296-470A-8C60-005645A6DB66} = {1D57F16A-4736-4850-A5C8-8FF1C0399BB5}
		{D0213461-C099-4DD6-8708-0AA367178A03} = {D33683D6-69FE-4333-85C1-24521A7272BD}
		{027C3C9A-C4A5-4C55-9D84-C630D50F0C6B} = {D33683D6-69FE-4333-85C1-24521A7272BD}
		{0E0C1E87-A583-4BA2-BF28-0F901B6CEDFC} = {D33683D6-69FE-4333-85C1-24521A7272BD}
	EndGlobalSection
	GlobalSection(ExtensibilityGlobals) = postSolution
		SolutionGuid = {8283774C-8C67-483A-B880-E2FC38BB0B19}
	EndGlobalSection
EndGlobal
